
Microsoft Visual Studio Solution File, Format Version 12.00
# Visual Studio Version 17
VisualStudioVersion = 17.13.35931.197 d17.13
MinimumVisualStudioVersion = 10.0.40219.1
Project("{FAE04EC0-301F-11D3-BF4B-00C04F79EFBC}") = "SwordConsoleApp", "SwordConsoleApp\SwordConsoleApp.csproj", "{163FFFA7-D950-4DD1-9EC0-6AC67E909888}"
EndProject
Project("{FAE04EC0-301F-11D3-BF4B-00C04F79EFBC}") = "TestSwordConsoleApp", "TestSwordConsoleApp\TestSwordConsoleApp.csproj", "{0D6DF18E-BB4F-4277-9073-90F07183005C}"
EndProject
Global
	GlobalSection(SolutionConfigurationPlatforms) = preSolution
		Debug|Any CPU = Debug|Any CPU
		Release|Any CPU = Release|Any CPU
	EndGlobalSection
	GlobalSection(ProjectConfigurationPlatforms) = postSolution
		{163FFFA7-D950-4DD1-9EC0-6AC67E909888}.Debug|Any CPU.ActiveCfg = Debug|Any CPU
		{163FFFA7-D950-4DD1-9EC0-6AC67E909888}.Debug|Any CPU.Build.0 = Debug|Any CPU
		{163FFFA7-D950-4DD1-9EC0-6AC67E909888}.Release|Any CPU.ActiveCfg = Release|Any CPU
		{163FFFA7-D950-4DD1-9EC0-6AC67E909888}.Release|Any CPU.Build.0 = Release|Any CPU
		{0D6DF18E-BB4F-4277-9073-90F07183005C}.Debug|Any CPU.ActiveCfg = Debug|Any CPU
		{0D6DF18E-BB4F-4277-9073-90F07183005C}.Debug|Any CPU.Build.0 = Debug|Any CPU
		{0D6DF18E-BB4F-4277-9073-90F07183005C}.Release|Any CPU.ActiveCfg = Release|Any CPU
		{0D6DF18E-BB4F-4277-9073-90F07183005C}.Release|Any CPU.Build.0 = Release|Any CPU
	EndGlobalSection
	GlobalSection(SolutionProperties) = preSolution
		HideSolutionNode = FALSE
	EndGlobalSection
	GlobalSection(ExtensibilityGlobals) = postSolution
		SolutionGuid = {DB2C3CF1-3453-428A-9286-BF0C0E752E36}
	EndGlobalSection
EndGlobal
